
Microsoft Visual Studio Solution File, Format Version 12.00
# Visual Studio Version 17
VisualStudioVersion = 17.0.31903.59
MinimumVisualStudioVersion = 10.0.40219.1
Project("{2150E333-8FDC-42A3-9474-1A3956D46DE8}") = "src", "src", "{9E6CD51C-73F3-4B73-BA20-F6DC0A5010D8}"
EndProject
Project("{FAE04EC0-301F-11D3-BF4B-00C04F79EFBC}") = "Game.Domain", "src\Game.Domain\Game.Domain.csproj", "{129662E8-45D0-4831-BF67-4EEBC150FFA6}"
EndProject
Project("{FAE04EC0-301F-11D3-BF4B-00C04F79EFBC}") = "Game.Application", "src\Game.Application\Game.Application.csproj", "{201A7335-4A78-4701-8F01-8020C68F3907}"
EndProject
Project("{FAE04EC0-301F-11D3-BF4B-00C04F79EFBC}") = "Game.Api", "src\Game.Api\Game.Api.csproj", "{E2638923-9CDE-44A8-B001-AE102983AAB8}"
EndProject
Project("{2150E333-8FDC-42A3-9474-1A3956D46DE8}") = "tests", "tests", "{3B433B92-4026-4A9F-AE60-CDBEC83DE482}"
EndProject
Project("{FAE04EC0-301F-11D3-BF4B-00C04F79EFBC}") = "Game.Domain.Tests", "tests\Game.Domain.Tests\Game.Domain.Tests.csproj", "{9ECE5FA3-47DE-4A84-A4E7-D1BB45E43188}"
EndProject
Project("{FAE04EC0-301F-11D3-BF4B-00C04F79EFBC}") = "Game.Infrastructure", "src\Game.Infrastructure\Game.Infrastructure.csproj", "{1B77047A-955D-4F7D-AFD0-8E1D46334467}"
EndProject
Project("{FAE04EC0-301F-11D3-BF4B-00C04F79EFBC}") = "Game.Application.Tests", "tests\Game.Application.Tests\Game.Application.Tests.csproj", "{187C2A24-4C19-4A67-98FF-D08178FA7F46}"
EndProject
Project("{FAE04EC0-301F-11D3-BF4B-00C04F79EFBC}") = "Game.Api.IntegrationTests", "tests\Game.Api.IntegrationTests\Game.Api.IntegrationTests.csproj", "{530E4541-93BE-4E25-91C1-2A2C641E83D7}"
EndProject
Global
	GlobalSection(SolutionConfigurationPlatforms) = preSolution
		Debug|Any CPU = Debug|Any CPU
		Release|Any CPU = Release|Any CPU
	EndGlobalSection
	GlobalSection(SolutionProperties) = preSolution
		HideSolutionNode = FALSE
	EndGlobalSection
	GlobalSection(ProjectConfigurationPlatforms) = postSolution
		{129662E8-45D0-4831-BF67-4EEBC150FFA6}.Debug|Any CPU.ActiveCfg = Debug|Any CPU
		{129662E8-45D0-4831-BF67-4EEBC150FFA6}.Debug|Any CPU.Build.0 = Debug|Any CPU
		{129662E8-45D0-4831-BF67-4EEBC150FFA6}.Release|Any CPU.ActiveCfg = Release|Any CPU
		{129662E8-45D0-4831-BF67-4EEBC150FFA6}.Release|Any CPU.Build.0 = Release|Any CPU
		{201A7335-4A78-4701-8F01-8020C68F3907}.Debug|Any CPU.ActiveCfg = Debug|Any CPU
		{201A7335-4A78-4701-8F01-8020C68F3907}.Debug|Any CPU.Build.0 = Debug|Any CPU
		{201A7335-4A78-4701-8F01-8020C68F3907}.Release|Any CPU.ActiveCfg = Release|Any CPU
		{201A7335-4A78-4701-8F01-8020C68F3907}.Release|Any CPU.Build.0 = Release|Any CPU
		{E2638923-9CDE-44A8-B001-AE102983AAB8}.Debug|Any CPU.ActiveCfg = Debug|Any CPU
		{E2638923-9CDE-44A8-B001-AE102983AAB8}.Debug|Any CPU.Build.0 = Debug|Any CPU
		{E2638923-9CDE-44A8-B001-AE102983AAB8}.Release|Any CPU.ActiveCfg = Release|Any CPU
		{E2638923-9CDE-44A8-B001-AE102983AAB8}.Release|Any CPU.Build.0 = Release|Any CPU
		{9ECE5FA3-47DE-4A84-A4E7-D1BB45E43188}.Debug|Any CPU.ActiveCfg = Debug|Any CPU
		{9ECE5FA3-47DE-4A84-A4E7-D1BB45E43188}.Debug|Any CPU.Build.0 = Debug|Any CPU
		{9ECE5FA3-47DE-4A84-A4E7-D1BB45E43188}.Release|Any CPU.ActiveCfg = Release|Any CPU
		{9ECE5FA3-47DE-4A84-A4E7-D1BB45E43188}.Release|Any CPU.Build.0 = Release|Any CPU
		{1B77047A-955D-4F7D-AFD0-8E1D46334467}.Debug|Any CPU.ActiveCfg = Debug|Any CPU
		{1B77047A-955D-4F7D-AFD0-8E1D46334467}.Debug|Any CPU.Build.0 = Debug|Any CPU
		{1B77047A-955D-4F7D-AFD0-8E1D46334467}.Release|Any CPU.ActiveCfg = Release|Any CPU
		{1B77047A-955D-4F7D-AFD0-8E1D46334467}.Release|Any CPU.Build.0 = Release|Any CPU
		{187C2A24-4C19-4A67-98FF-D08178FA7F46}.Debug|Any CPU.ActiveCfg = Debug|Any CPU
		{187C2A24-4C19-4A67-98FF-D08178FA7F46}.Debug|Any CPU.Build.0 = Debug|Any CPU
		{187C2A24-4C19-4A67-98FF-D08178FA7F46}.Release|Any CPU.ActiveCfg = Release|Any CPU
		{187C2A24-4C19-4A67-98FF-D08178FA7F46}.Release|Any CPU.Build.0 = Release|Any CPU
		{530E4541-93BE-4E25-91C1-2A2C641E83D7}.Debug|Any CPU.ActiveCfg = Debug|Any CPU
		{530E4541-93BE-4E25-91C1-2A2C641E83D7}.Debug|Any CPU.Build.0 = Debug|Any CPU
		{530E4541-93BE-4E25-91C1-2A2C641E83D7}.Release|Any CPU.ActiveCfg = Release|Any CPU
		{530E4541-93BE-4E25-91C1-2A2C641E83D7}.Release|Any CPU.Build.0 = Release|Any CPU
	EndGlobalSection
	GlobalSection(NestedProjects) = preSolution
		{129662E8-45D0-4831-BF67-4EEBC150FFA6} = {9E6CD51C-73F3-4B73-BA20-F6DC0A5010D8}
		{201A7335-4A78-4701-8F01-8020C68F3907} = {9E6CD51C-73F3-4B73-BA20-F6DC0A5010D8}
		{E2638923-9CDE-44A8-B001-AE102983AAB8} = {9E6CD51C-73F3-4B73-BA20-F6DC0A5010D8}
		{9ECE5FA3-47DE-4A84-A4E7-D1BB45E43188} = {3B433B92-4026-4A9F-AE60-CDBEC83DE482}
		{1B77047A-955D-4F7D-AFD0-8E1D46334467} = {9E6CD51C-73F3-4B73-BA20-F6DC0A5010D8}
		{187C2A24-4C19-4A67-98FF-D08178FA7F46} = {3B433B92-4026-4A9F-AE60-CDBEC83DE482}
		{530E4541-93BE-4E25-91C1-2A2C641E83D7} = {3B433B92-4026-4A9F-AE60-CDBEC83DE482}
	EndGlobalSection
EndGlobal
